<?xml version="1.0" encoding="utf-8"?>
<Project ToolsVersion="4.0" xmlns="http://schemas.microsoft.com/developer/msbuild/2003">
  <ItemGroup>
    <Filter Include="FrameWork">
      <UniqueIdentifier>{f3c7c147-226b-408a-9bd6-1075f771b24a}</UniqueIdentifier>
    </Filter>
    <Filter Include="FrameWork\Application">
      <UniqueIdentifier>{216e7561-67f2-43ff-beb4-a12b0632361f}</UniqueIdentifier>
    </Filter>
    <Filter Include="FrameWork\Renderer">
      <UniqueIdentifier>{60e77f10-47c7-4208-8f49-a537b58e7a2d}</UniqueIdentifier>
    </Filter>
    <Filter Include="FrameWork\ResourceMgr">
      <UniqueIdentifier>{6672d84e-d51a-45b3-9044-cfb7d78736bf}</UniqueIdentifier>
    </Filter>
    <Filter Include="FrameWork\Node">
      <UniqueIdentifier>{3cb5e555-537b-4b8c-8a37-54b8065fec32}</UniqueIdentifier>
    </Filter>
    <Filter Include="stdafx">
      <UniqueIdentifier>{c703fa7d-b190-4177-beb0-87bc711eb927}</UniqueIdentifier>
    </Filter>
    <Filter Include="FrameWork\SceneDirector">
      <UniqueIdentifier>{c2dc1a49-a971-4638-a95b-119b1eb5345a}</UniqueIdentifier>
    </Filter>
    <Filter Include="FrameWork\GameTime">
      <UniqueIdentifier>{5396b34a-d9ab-4fe7-bc9f-0caab50cec9c}</UniqueIdentifier>
    </Filter>
    <Filter Include="Game">
      <UniqueIdentifier>{ae292479-a473-4f14-ab74-504e55c9eb8d}</UniqueIdentifier>
    </Filter>
    <Filter Include="Game\Scene">
      <UniqueIdentifier>{e6890b41-db1c-4377-a07c-6a2f3ac1e71b}</UniqueIdentifier>
    </Filter>
    <Filter Include="Game\Player">
      <UniqueIdentifier>{aab583ad-ff38-4f1f-b22a-e31feeca1226}</UniqueIdentifier>
    </Filter>
    <Filter Include="Game\Monster">
      <UniqueIdentifier>{35587bd8-42d1-4d09-9184-d6c3cb9476b9}</UniqueIdentifier>
    </Filter>
    <Filter Include="Game\Monster\Boss">
      <UniqueIdentifier>{7c0f69f5-1f34-4fa6-b934-f4448906a581}</UniqueIdentifier>
    </Filter>
    <Filter Include="Game\BackGround">
      <UniqueIdentifier>{99e7dc12-ec56-4b1d-8c55-a07d1f3651a5}</UniqueIdentifier>
    </Filter>
    <Filter Include="FrameWork\Input">
      <UniqueIdentifier>{da6687dc-7001-4dcc-8b6a-c7cb78f94f87}</UniqueIdentifier>
    </Filter>
  </ItemGroup>
  <ItemGroup>
    <ClCompile Include="stdafx.cpp">
      <Filter>stdafx</Filter>
    </ClCompile>
    <ClCompile Include="Main.cpp" />
    <ClCompile Include="Renderer2D.cpp">
      <Filter>FrameWork\Renderer</Filter>
    </ClCompile>
    <ClCompile Include="ResourceMgr.cpp">
      <Filter>FrameWork\ResourceMgr</Filter>
    </ClCompile>
    <ClCompile Include="SceneDirector.cpp">
      <Filter>FrameWork\SceneDirector</Filter>
    </ClCompile>
    <ClCompile Include="Scene.cpp">
      <Filter>FrameWork\Node</Filter>
    </ClCompile>
    <ClCompile Include="GameObject.cpp">
      <Filter>FrameWork\Node</Filter>
    </ClCompile>
    <ClCompile Include="GameTime.cpp">
      <Filter>FrameWork\GameTime</Filter>
    </ClCompile>
    <ClCompile Include="Application.cpp">
      <Filter>FrameWork\Application</Filter>
    </ClCompile>
    <ClCompile Include="Texture.cpp">
      <Filter>FrameWork\Node</Filter>
    </ClCompile>
    <ClCompile Include="Sprite.cpp">
      <Filter>FrameWork\Node</Filter>
    </ClCompile>
    <ClCompile Include="IntroScene.cpp">
      <Filter>Game\Scene</Filter>
    </ClCompile>
    <ClCompile Include="StartScene.cpp">
      <Filter>Game\Scene</Filter>
    </ClCompile>
    <ClCompile Include="Player.cpp">
      <Filter>Game\Player</Filter>
    </ClCompile>
    <ClCompile Include="Animation.cpp">
      <Filter>FrameWork\Node</Filter>
    </ClCompile>
    <ClCompile Include="Input.cpp">
      <Filter>FrameWork\Input</Filter>
    </ClCompile>
    <ClCompile Include="TestBoss.cpp">
      <Filter>Game\Monster\Boss</Filter>
    </ClCompile>
    <ClCompile Include="TestScene.cpp">
      <Filter>Game\Scene</Filter>
    </ClCompile>
    <ClCompile Include="SwordAoura.cpp">
      <Filter>Game\Player</Filter>
    </ClCompile>
  </ItemGroup>
  <ItemGroup>
    <ClInclude Include="stdafx.h">
      <Filter>stdafx</Filter>
    </ClInclude>
    <ClInclude Include="Application.h">
      <Filter>FrameWork\Application</Filter>
    </ClInclude>
    <ClInclude Include="Singleton.h">
      <Filter>FrameWork\Node</Filter>
    </ClInclude>
    <ClInclude Include="Renderer2D.h">
      <Filter>FrameWork\Renderer</Filter>
    </ClInclude>
    <ClInclude Include="ResourceMgr.h">
      <Filter>FrameWork\ResourceMgr</Filter>
    </ClInclude>
    <ClInclude Include="SceneDirector.h">
      <Filter>FrameWork\SceneDirector</Filter>
    </ClInclude>
    <ClInclude Include="Scene.h">
      <Filter>FrameWork\Node</Filter>
    </ClInclude>
    <ClInclude Include="GameObject.h">
      <Filter>FrameWork\Node</Filter>
    </ClInclude>
    <ClInclude Include="GameTime.h">
      <Filter>FrameWork\GameTime</Filter>
    </ClInclude>
    <ClInclude Include="Texture.h">
      <Filter>FrameWork\Node</Filter>
    </ClInclude>
    <ClInclude Include="Sprite.h">
      <Filter>FrameWork\Node</Filter>
    </ClInclude>
    <ClInclude Include="IntroScene.h">
      <Filter>Game\Scene</Filter>
    </ClInclude>
    <ClInclude Include="StartScene.h">
      <Filter>Game\Scene</Filter>
    </ClInclude>
    <ClInclude Include="Player.h">
      <Filter>Game\Player</Filter>
    </ClInclude>
    <ClInclude Include="Animation.h">
      <Filter>FrameWork\Node</Filter>
    </ClInclude>
    <ClInclude Include="Input.h">
      <Filter>FrameWork\Input</Filter>
    </ClInclude>
    <ClInclude Include="TestBoss.h">
      <Filter>Game\Monster\Boss</Filter>
    </ClInclude>
    <ClInclude Include="TestScene.h">
      <Filter>Game\Scene</Filter>
    </ClInclude>
    <ClInclude Include="SwordAoura.h">
      <Filter>Game\Player</Filter>
    </ClInclude>
  </ItemGroup>
</Project>