<?xml version="1.0" encoding="utf-8"?>
<Project ToolsVersion="4.0" xmlns="http://schemas.microsoft.com/developer/msbuild/2003">
  <ItemGroup>
    <Filter Include="FrameWork">
      <UniqueIdentifier>{f3c7c147-226b-408a-9bd6-1075f771b24a}</UniqueIdentifier>
    </Filter>
    <Filter Include="FrameWork\Application">
      <UniqueIdentifier>{216e7561-67f2-43ff-beb4-a12b0632361f}</UniqueIdentifier>
    </Filter>
    <Filter Include="FrameWork\Renderer">
      <UniqueIdentifier>{60e77f10-47c7-4208-8f49-a537b58e7a2d}</UniqueIdentifier>
    </Filter>
    <Filter Include="FrameWork\ResourceMgr">
      <UniqueIdentifier>{6672d84e-d51a-45b3-9044-cfb7d78736bf}</UniqueIdentifier>
    </Filter>
    <Filter Include="FrameWork\Node">
      <UniqueIdentifier>{3cb5e555-537b-4b8c-8a37-54b8065fec32}</UniqueIdentifier>
    </Filter>
    <Filter Include="stdafx">
      <UniqueIdentifier>{c703fa7d-b190-4177-beb0-87bc711eb927}</UniqueIdentifier>
    </Filter>
    <Filter Include="FrameWork\SceneDirector">
      <UniqueIdentifier>{c2dc1a49-a971-4638-a95b-119b1eb5345a}</UniqueIdentifier>
    </Filter>
  </ItemGroup>
  <ItemGroup>
    <ClCompile Include="stdafx.cpp">
      <Filter>stdafx</Filter>
    </ClCompile>
    <ClCompile Include="Main.cpp" />
    <ClCompile Include="Application.cpp">
      <Filter>FrameWork\Application</Filter>
    </ClCompile>
    <ClCompile Include="Renderer2D.cpp">
      <Filter>FrameWork\Renderer</Filter>
    </ClCompile>
    <ClCompile Include="ResourceMgr.cpp">
      <Filter>FrameWork\ResourceMgr</Filter>
    </ClCompile>
    <ClCompile Include="SceneDirector.cpp">
      <Filter>FrameWork\SceneDirector</Filter>
    </ClCompile>
    <ClCompile Include="Scene.cpp">
      <Filter>FrameWork\Node</Filter>
    </ClCompile>
    <ClCompile Include="GameObject.cpp">
      <Filter>FrameWork\Node</Filter>
    </ClCompile>
  </ItemGroup>
  <ItemGroup>
    <ClInclude Include="stdafx.h">
      <Filter>stdafx</Filter>
    </ClInclude>
    <ClInclude Include="Application.h">
      <Filter>FrameWork\Application</Filter>
    </ClInclude>
    <ClInclude Include="Singleton.h">
      <Filter>FrameWork\Node</Filter>
    </ClInclude>
    <ClInclude Include="Renderer2D.h">
      <Filter>FrameWork\Renderer</Filter>
    </ClInclude>
    <ClInclude Include="ResourceMgr.h">
      <Filter>FrameWork\ResourceMgr</Filter>
    </ClInclude>
    <ClInclude Include="SceneDirector.h">
      <Filter>FrameWork\SceneDirector</Filter>
    </ClInclude>
    <ClInclude Include="Scene.h">
      <Filter>FrameWork\Node</Filter>
    </ClInclude>
    <ClInclude Include="GameObject.h">
      <Filter>FrameWork\Node</Filter>
    </ClInclude>
  </ItemGroup>
</Project>